# This file is autogenerated, do not edit; changes may be undone by the next 'dep ensure'.


[[projects]]
  digest = "1:9afc639ef88d907f2e87ab68cbc63117b88d0d84238fd6b08224515d00a8136a"
  name = "github.com/alecthomas/gometalinter"
  packages = ["."]
  pruneopts = "UT"
  revision = "df395bfa67c5d0630d936c0044cf07ff05086655"
  version = "v3.0.0"

[[projects]]
  digest = "1:2d3b30335131522586868fd303542368b8f2776775cdac99d51b7af38ad72ee1"
  name = "github.com/alecthomas/kong"
  packages = ["."]
  pruneopts = "UT"
  revision = "456575db97b112641945b4f219495d0509e58fc0"
  version = "v0.2.16"

[[projects]]
  branch = "master"
  digest = "1:d3197d14cccd4a5d4e5a04661b8a0972d13eb7165472e8051ede8cbb1d1876a2"
  name = "github.com/alecthomas/units"
  packages = ["."]
  pruneopts = "UT"
  revision = "ff826a37aa15cdf16e29024a782c790f19aab6c2"

[[projects]]
  digest = "1:3f3620f51ffff4e4da9af162bb7a597880ae49b6c6e92caf78b85a186da17efb"
  name = "github.com/caarlos0/env"
  packages = ["."]
  pruneopts = "UT"
  revision = "e244b8ab4ce741f29f37ac56f4ddd67acce3fb73"
  version = "v6.5.0"

[[projects]]
  digest = "1:e47d51dab652d26c3fba6f8cba403f922d02757a82abdc77e90df7948daf296e"
  name = "github.com/deckarep/golang-set"
  packages = ["."]
  pruneopts = "UT"
  revision = "cbaa98ba5575e67703b32b4b19f73c91f3c4159e"
  version = "v1.7.1"

[[projects]]
  digest = "1:76dc72490af7174349349838f2fe118996381b31ea83243812a97e5a0fd5ed55"
  name = "github.com/dgrijalva/jwt-go"
  packages = ["."]
  pruneopts = "UT"
  revision = "06ea1031745cb8b3dab3f6a236daf2b0aa468b7e"
  version = "v3.2.0"

[[projects]]
  digest = "1:3adf0ef092abc82d9beeaa4473a798cb1b8ebae3c68ddb1b30eea52770c86f82"
  name = "github.com/felixge/httpsnoop"
  packages = ["."]
  pruneopts = "UT"
  revision = "33ec42cfe005395fb4cc4b296781f65d7ffef2c3"
  version = "v1.0.1"

[[projects]]
  digest = "1:3b140aa9cde608164aeb70ae814d66935e7b825f156885d0b2f8dd9f0a07bb3e"
  name = "github.com/go-gorm/datatypes"
  packages = ["."]
  pruneopts = "UT"
  revision = "3ec999dc6154fcdfc773f993ee44c37dee0c5b57"
  version = "v1.0.0"

[[projects]]
  digest = "1:85138d5daba3306acc15e3b1c9226a2866e068c4822bbf0875d5143db225face"
  name = "github.com/go-log/log"
  packages = [
    ".",
    "print",
  ]
  pruneopts = "UT"
  revision = "cbf5cacfbfff319fd20a42367df566e0ace3d4ee"
  version = "v0.2.0"

[[projects]]
  digest = "1:01745416ed734d0dbd8f2a25344536e399ee60319654873da12b107e9e3cb309"
  name = "github.com/golang/gddo"
  packages = ["httputil/header"]
  pruneopts = "UT"
  revision = "3c2cc9a6329d9842b3bbdaf307a8110d740cf94c"

[[projects]]
  branch = "master"
  digest = "1:ae4407ca7731ceb7b54b059fced30f335d32486a2148e262b19067261f959b42"
  name = "github.com/google/shlex"
  packages = ["."]
  pruneopts = "UT"
  revision = "e7afc7fbc51079733e9468cdfd1efcd7d196cd1d"

[[projects]]
  digest = "1:bbba45b09b3b502dc39afb36c3e9f89b9c2832b1f6d673277c97eade8875e462"
  name = "github.com/google/uuid"
  packages = ["."]
  pruneopts = "UT"
  revision = "44b5fee7c49cf3bcdf723f106b36d56ef13ccc88"
  version = "v1.3.0"

[[projects]]
  digest = "1:9ff256c9dfa28d8fe056cce6babbd529862b0c340710c62881b80368b5bd5bbf"
  name = "github.com/gorilla/handlers"
  packages = ["."]
  pruneopts = "UT"
  revision = "d453effd20e6817a8acfd9d278dadd21371da0ba"
  version = "v1.5.1"

[[projects]]
  digest = "1:6078383dbb7405bfa3ce16957f37564e3b716afa29b6eb45ffdb6674624d1e0d"
  name = "github.com/gorilla/mux"
  packages = ["."]
  pruneopts = "UT"
  revision = "98cb6bf42e086f6af920b965c38cacc07402d51b"
  version = "v1.8.0"

[[projects]]
  digest = "1:eeab1bbd366bdbe90ecb5ae485d37beb81ac617f769ad457e75e015f4e449fe8"
  name = "github.com/gorilla/schema"
  packages = ["."]
  pruneopts = "UT"
  revision = "7f62815760ef565b05f7d37c136e568d8a8dca68"
  version = "v1.2.0"

[[projects]]
  digest = "1:01ed62f8f4f574d8aff1d88caee113700a2b44c42351943fa73cc1808f736a50"
  name = "github.com/jinzhu/inflection"
  packages = ["."]
  pruneopts = "UT"
  revision = "f5c5f50e6090ae76a29240b61ae2a90dd810112e"
  version = "v1.0.0"

[[projects]]
  digest = "1:b4c44b48dcfecfdf38e2adfd8d20b39d5fc2baa04c8a51af885f136c2fe5a936"
  name = "github.com/jinzhu/now"
  packages = ["."]
  pruneopts = "UT"
  revision = "e8c28ddddc015eb8c0a5781a7428cc0bc1b2a5c9"
  version = "v1.1.2"

[[projects]]
  digest = "1:6ba33f676b07a9af41146dc8350a1505e3749e7363581e8f94c9e11608720a2b"
  name = "github.com/lib/pq"
  packages = [
    ".",
    "oid",
    "scram",
  ]
  pruneopts = "UT"
  revision = "072e83d238c297c71cab11154695af301010031e"
  version = "v1.10.0"

[[projects]]
  digest = "1:7157fd3f337f20f9058789e47f3341ae5cb77081fa01c1d678af5a03afea6f3e"
  name = "github.com/nicksnyder/go-i18n"
  packages = [
    "i18n",
    "i18n/bundle",
    "i18n/language",
    "i18n/translation",
  ]
  pruneopts = "UT"
  revision = "3c6ee9071cf061f4b0101e14412f74d6e7a8ada6"
  version = "v2.0.0"

[[projects]]
  digest = "1:ba7c8395a3bdd3b44d40ba36ff6eb283b583a3db865c02a952b89a1aa639081b"
  name = "github.com/pelletier/go-toml"
  packages = ["."]
  pruneopts = "UT"
  revision = "65ca8064882c8c308e5c804c5d5443d409e0738c"
  version = "v1.8.1"

[[projects]]
  digest = "1:9e1d37b58d17113ec3cb5608ac0382313c5b59470b94ed97d0976e69c7022314"
  name = "github.com/pkg/errors"
  packages = ["."]
  pruneopts = "UT"
  revision = "614d223910a179a466c1767a985424175c39b465"
  version = "v0.9.1"

[[projects]]
  digest = "1:0e04dd87e4bd7a9251ffc6df4460fecc9d1199da1575483757fff9fd268b264a"
  name = "github.com/sethvargo/go-password"
  packages = ["password"]
  pruneopts = "UT"
  revision = "848e38a39fccae9c1f2981b561157ce48c91e7dc"
  version = "v0.2.0"

[[projects]]
  digest = "1:5ca236e4ecfeb92a57b7a4c7f139023384e7f726640f61b17820473cc82dfb77"
  name = "github.com/streadway/amqp"
  packages = ["."]
  pruneopts = "UT"
  revision = "1c71cc93ed716f9a6f4c2ae8955c25f9176d9f19"
  version = "v1.0.0"

[[projects]]
  digest = "1:487897849d879c4c6b1a6147796af7a43a87ba79e15886031f4e0e2953dd90ba"
  name = "github.com/thewizardplusplus/go-http-utils"
  packages = ["."]
  pruneopts = "UT"
  revision = "4834fe2e218a744dd63be1cef090ebd75e974d91"
  version = "v1.2"

[[projects]]
  digest = "1:6ebe660242fab3e7709dd364b24e5271e633c8b977cbb9e0a7e0f48e04fbb59d"
  name = "github.com/thewizardplusplus/go-rabbitmq-utils"
  packages = ["."]
  pruneopts = "UT"
  revision = "c698e6ca0f4e828dd45aca689f4bb798a4046c9d"
  version = "v1.1.3"

[[projects]]
  digest = "1:6e0f622e5600ec038d0071e98fd6144e4f0c65f4b26a78df1199d036ade28a12"
  name = "github.com/thewizardplusplus/go-sync-utils"
  packages = ["."]
  pruneopts = "UT"
  revision = "67377bc08f93a31dbd8fca104e0de14168bcf85a"
  version = "v1.2"

[[projects]]
  branch = "master"
  digest = "1:9d5b5d543996dd584da1db1e0de1926f3e4c3a8dba0fa2f8db70f3ebee2342e0"
  name = "golang.org/x/crypto"
  packages = [
    "bcrypt",
    "blowfish",
  ]
  pruneopts = "UT"
  revision = "0c34fe9e7dc2486962ef9867e3edb3503537209f"

[[projects]]
  branch = "v3-unstable"
  digest = "1:31a6e00d07add280bd1ee2e8668077e2435c6b9cb7ad7ba8920e258382ae9f9e"
  name = "gopkg.in/alecthomas/kingpin.v3-unstable"
  packages = ["."]
  pruneopts = "UT"
  revision = "95d230a537809b4429ba078718ae0202bea213e0"

[[projects]]
  digest = "1:5054a1f394226de9e6ddc47b0ba77e35092a4112f4a1cd9cb94aba1f5bdc3ec6"
  name = "gopkg.in/yaml.v2"
  packages = ["."]
  pruneopts = "UT"
  revision = "7649d4548cb53a614db133b2a8ac1f31859dda8c"
  version = "v2.4.0"

[[projects]]
  digest = "1:cf0eeff871fb146d0a77cfb6eecc38e79f7458fe6d05726ee59654d9799711ca"
  name = "gorm.io/driver/postgres"
  packages = ["."]
  pruneopts = "UT"
  revision = "2591a12c4fdf62e81734996d0361db21fe90ae45"
  version = "v0.2.4"

[[projects]]
  digest = "1:f23c1078ab3d0c6d6fe092d42c8cdcbc054c5672ff4d2e131dbcab4e9838f457"
  name = "gorm.io/gorm"
  packages = [
    ".",
    "callbacks",
    "clause",
    "logger",
    "migrator",
    "schema",
    "utils",
  ]
  pruneopts = "UT"
  revision = "220349ccf2990c47988a54df94e838803829898c"
  version = "v1.21.4"

[solve-meta]
  analyzer-name = "dep"
  analyzer-version = 1
  input-imports = [
    "github.com/alecthomas/gometalinter",
    "github.com/alecthomas/kong",
    "github.com/caarlos0/env",
    "github.com/dgrijalva/jwt-go",
    "github.com/go-gorm/datatypes",
    "github.com/go-log/log",
    "github.com/go-log/log/print",
    "github.com/gorilla/handlers",
    "github.com/gorilla/mux",
    "github.com/gorilla/schema",
    "github.com/pkg/errors",
    "github.com/sethvargo/go-password/password",
    "github.com/thewizardplusplus/go-http-utils",
    "github.com/thewizardplusplus/go-rabbitmq-utils",
    "github.com/thewizardplusplus/go-sync-utils",
    "golang.org/x/crypto/bcrypt",
    "gorm.io/driver/postgres",
    "gorm.io/gorm",
    "gorm.io/gorm/logger",
  ]
  solver-name = "gps-cdcl"
  solver-version = 1
